
Microsoft Visual Studio Solution File, Format Version 12.00
Project("{FAE04EC0-301F-11D3-BF4B-00C04F79EFBC}") = "DroneScriptParser", "DroneScriptParser.csproj", "{20459F47-2BC0-49C3-ADA5-7C5F103F0001}"
EndProject
Global
	GlobalSection(SolutionConfigurationPlatforms) = preSolution
		Debug|Any CPU = Debug|Any CPU
		Release|Any CPU = Release|Any CPU
	EndGlobalSection
	GlobalSection(ProjectConfigurationPlatforms) = postSolution
		{20459F47-2BC0-49C3-ADA5-7C5F103F0001}.Debug|Any CPU.ActiveCfg = Debug|Any CPU
		{20459F47-2BC0-49C3-ADA5-7C5F103F0001}.Debug|Any CPU.Build.0 = Debug|Any CPU
		{20459F47-2BC0-49C3-ADA5-7C5F103F0001}.Release|Any CPU.ActiveCfg = Release|Any CPU
		{20459F47-2BC0-49C3-ADA5-7C5F103F0001}.Release|Any CPU.Build.0 = Release|Any CPU
	EndGlobalSection
EndGlobal
